
Microsoft Visual Studio Solution File, Format Version 12.00
# Visual Studio Version 16
VisualStudioVersion = 16.0.29920.165
MinimumVisualStudioVersion = 10.0.40219.1
Project("{FAE04EC0-301F-11D3-BF4B-00C04F79EFBC}") = "Змейка", "Змейка\Змейка.csproj", "{49A7CE31-A36E-4163-A7CC-DAA55A91FBCA}"
EndProject
Global
	GlobalSection(SolutionConfigurationPlatforms) = preSolution
		Debug|Any CPU = Debug|Any CPU
		Release|Any CPU = Release|Any CPU
	EndGlobalSection
	GlobalSection(ProjectConfigurationPlatforms) = postSolution
		{49A7CE31-A36E-4163-A7CC-DAA55A91FBCA}.Debug|Any CPU.ActiveCfg = Debug|Any CPU
		{49A7CE31-A36E-4163-A7CC-DAA55A91FBCA}.Debug|Any CPU.Build.0 = Debug|Any CPU
		{49A7CE31-A36E-4163-A7CC-DAA55A91FBCA}.Release|Any CPU.ActiveCfg = Release|Any CPU
		{49A7CE31-A36E-4163-A7CC-DAA55A91FBCA}.Release|Any CPU.Build.0 = Release|Any CPU
	EndGlobalSection
	GlobalSection(SolutionProperties) = preSolution
		HideSolutionNode = FALSE
	EndGlobalSection
	GlobalSection(ExtensibilityGlobals) = postSolution
		SolutionGuid = {4AF13E1E-1D24-415E-BEF1-503AA9B678AE}
	EndGlobalSection
EndGlobal
